// !$*UTF8*$!
{
	archiveVersion = 1;
	classes = {
	};
	objectVersion = 77;
	objects = {

/* Begin PBXBuildFile section */
		01974C0C2E60D67600779294 /* ShoppingListModule in Frameworks */ = {isa = PBXBuildFile; productRef = 01974C0B2E60D67600779294 /* ShoppingListModule */; };
/* End PBXBuildFile section */

/* Begin PBXContainerItemProxy section */
		01974BED2E60D60700779294 /* PBXContainerItemProxy */ = {
			isa = PBXContainerItemProxy;
			containerPortal = 01974BD72E60D60400779294 /* Project object */;
			proxyType = 1;
			remoteGlobalIDString = 01974BDE2E60D60400779294;
			remoteInfo = ShopingMain;
		};
		01974BF72E60D60700779294 /* PBXContainerItemProxy */ = {
			isa = PBXContainerItemProxy;
			containerPortal = 01974BD72E60D60400779294 /* Project object */;
			proxyType = 1;
			remoteGlobalIDString = 01974BDE2E60D60400779294;
			remoteInfo = ShopingMain;
		};
/* End PBXContainerItemProxy section */

/* Begin PBXFileReference section */
		01974BDF2E60D60400779294 /* ShopingMain.app */ = {isa = PBXFileReference; explicitFileType = wrapper.application; includeInIndex = 0; path = ShopingMain.app; sourceTree = BUILT_PRODUCTS_DIR; };
		01974BEC2E60D60700779294 /* ShopingMainTests.xctest */ = {isa = PBXFileReference; explicitFileType = wrapper.cfbundle; includeInIndex = 0; path = ShopingMainTests.xctest; sourceTree = BUILT_PRODUCTS_DIR; };
		01974BF62E60D60700779294 /* ShopingMainUITests.xctest */ = {isa = PBXFileReference; explicitFileType = wrapper.cfbundle; includeInIndex = 0; path = ShopingMainUITests.xctest; sourceTree = BUILT_PRODUCTS_DIR; };
/* End PBXFileReference section */

/* Begin PBXFileSystemSynchronizedRootGroup section */
		01974BE12E60D60400779294 /* ShopingMain */ = {
			isa = PBXFileSystemSynchronizedRootGroup;
			path = ShopingMain;
			sourceTree = "<group>";
		};
		01974BEF2E60D60700779294 /* ShopingMainTests */ = {
			isa = PBXFileSystemSynchronizedRootGroup;
			path = ShopingMainTests;
			sourceTree = "<group>";
		};
		01974BF92E60D60700779294 /* ShopingMainUITests */ = {
			isa = PBXFileSystemSynchronizedRootGroup;
			path = ShopingMainUITests;
			sourceTree = "<group>";
		};
/* End PBXFileSystemSynchronizedRootGroup section */

/* Begin PBXFrameworksBuildPhase section */
		01974BDC2E60D60400779294 /* Frameworks */ = {
			isa = PBXFrameworksBuildPhase;
			buildActionMask = 2147483647;
			files = (
				01974C0C2E60D67600779294 /* ShoppingListModule in Frameworks */,
			);
			runOnlyForDeploymentPostprocessing = 0;
		};
		01974BE92E60D60700779294 /* Frameworks */ = {
			isa = PBXFrameworksBuildPhase;
			buildActionMask = 2147483647;
			files = (
			);
			runOnlyForDeploymentPostprocessing = 0;
		};
		01974BF32E60D60700779294 /* Frameworks */ = {
			isa = PBXFrameworksBuildPhase;
			buildActionMask = 2147483647;
			files = (
			);
			runOnlyForDeploymentPostprocessing = 0;
		};
/* End PBXFrameworksBuildPhase section */

/* Begin PBXGroup section */
		01974BD62E60D60400779294 = {
			isa = PBXGroup;
			children = (
				01974BE12E60D60400779294 /* ShopingMain */,
				01974BEF2E60D60700779294 /* ShopingMainTests */,
				01974BF92E60D60700779294 /* ShopingMainUITests */,
				01974C0A2E60D67600779294 /* Frameworks */,
				01974BE02E60D60400779294 /* Products */,
			);
			sourceTree = "<group>";
		};
		01974BE02E60D60400779294 /* Products */ = {
			isa = PBXGroup;
			children = (
				01974BDF2E60D60400779294 /* ShopingMain.app */,
				01974BEC2E60D60700779294 /* ShopingMainTests.xctest */,
				01974BF62E60D60700779294 /* ShopingMainUITests.xctest */,
			);
			name = Products;
			sourceTree = "<group>";
		};
		01974C0A2E60D67600779294 /* Frameworks */ = {
			isa = PBXGroup;
			children = (
			);
			name = Frameworks;
			sourceTree = "<group>";
		};
/* End PBXGroup section */

/* Begin PBXNativeTarget section */
		01974BDE2E60D60400779294 /* ShopingMain */ = {
			isa = PBXNativeTarget;
			buildConfigurationList = 01974C002E60D60800779294 /* Build configuration list for PBXNativeTarget "ShopingMain" */;
			buildPhases = (
				01974BDB2E60D60400779294 /* Sources */,
				01974BDC2E60D60400779294 /* Frameworks */,
				01974BDD2E60D60400779294 /* Resources */,
			);
			buildRules = (
			);
			dependencies = (
			);
			fileSystemSynchronizedGroups = (
				01974BE12E60D60400779294 /* ShopingMain */,
			);
			name = ShopingMain;
			packageProductDependencies = (
				01974C0B2E60D67600779294 /* ShoppingListModule */,
			);
			productName = ShopingMain;
			productReference = 01974BDF2E60D60400779294 /* ShopingMain.app */;
			productType = "com.apple.product-type.application";
		};
		01974BEB2E60D60700779294 /* ShopingMainTests */ = {
			isa = PBXNativeTarget;
			buildConfigurationList = 01974C032E60D60800779294 /* Build configuration list for PBXNativeTarget "ShopingMainTests" */;
			buildPhases = (
				01974BE82E60D60700779294 /* Sources */,
				01974BE92E60D60700779294 /* Frameworks */,
				01974BEA2E60D60700779294 /* Resources */,
			);
			buildRules = (
			);
			dependencies = (
				01974BEE2E60D60700779294 /* PBXTargetDependency */,
			);
			fileSystemSynchronizedGroups = (
				01974BEF2E60D60700779294 /* ShopingMainTests */,
			);
			name = ShopingMainTests;
			packageProductDependencies = (
			);
			productName = ShopingMainTests;
			productReference = 01974BEC2E60D60700779294 /* ShopingMainTests.xctest */;
			productType = "com.apple.product-type.bundle.unit-test";
		};
		01974BF52E60D60700779294 /* ShopingMainUITests */ = {
			isa = PBXNativeTarget;
			buildConfigurationList = 01974C062E60D60800779294 /* Build configuration list for PBXNativeTarget "ShopingMainUITests" */;
			buildPhases = (
				01974BF22E60D60700779294 /* Sources */,
				01974BF32E60D60700779294 /* Frameworks */,
				01974BF42E60D60700779294 /* Resources */,
			);
			buildRules = (
			);
			dependencies = (
				01974BF82E60D60700779294 /* PBXTargetDependency */,
			);
			fileSystemSynchronizedGroups = (
				01974BF92E60D60700779294 /* ShopingMainUITests */,
			);
			name = ShopingMainUITests;
			packageProductDependencies = (
			);
			productName = ShopingMainUITests;
			productReference = 01974BF62E60D60700779294 /* ShopingMainUITests.xctest */;
			productType = "com.apple.product-type.bundle.ui-testing";
		};
/* End PBXNativeTarget section */

/* Begin PBXProject section */
		01974BD72E60D60400779294 /* Project object */ = {
			isa = PBXProject;
			attributes = {
				BuildIndependentTargetsInParallel = 1;
				LastSwiftUpdateCheck = 1640;
				LastUpgradeCheck = 1640;
				TargetAttributes = {
					01974BDE2E60D60400779294 = {
						CreatedOnToolsVersion = 16.4;
					};
					01974BEB2E60D60700779294 = {
						CreatedOnToolsVersion = 16.4;
						TestTargetID = 01974BDE2E60D60400779294;
					};
					01974BF52E60D60700779294 = {
						CreatedOnToolsVersion = 16.4;
						TestTargetID = 01974BDE2E60D60400779294;
					};
				};
			};
			buildConfigurationList = 01974BDA2E60D60400779294 /* Build configuration list for PBXProject "ShopingMain" */;
			developmentRegion = en;
			hasScannedForEncodings = 0;
			knownRegions = (
				en,
				Base,
			);
			mainGroup = 01974BD62E60D60400779294;
			minimizedProjectReferenceProxies = 1;
			packageReferences = (
				01974C092E60D66D00779294 /* XCLocalSwiftPackageReference "ShoppingListModule" */,
			);
			preferredProjectObjectVersion = 77;
			productRefGroup = 01974BE02E60D60400779294 /* Products */;
			projectDirPath = "";
			projectRoot = "";
			targets = (
				01974BDE2E60D60400779294 /* ShopingMain */,
				01974BEB2E60D60700779294 /* ShopingMainTests */,
				01974BF52E60D60700779294 /* ShopingMainUITests */,
			);
		};
/* End PBXProject section */

/* Begin PBXResourcesBuildPhase section */
		01974BDD2E60D60400779294 /* Resources */ = {
			isa = PBXResourcesBuildPhase;
			buildActionMask = 2147483647;
			files = (
			);
			runOnlyForDeploymentPostprocessing = 0;
		};
		01974BEA2E60D60700779294 /* Resources */ = {
			isa = PBXResourcesBuildPhase;
			buildActionMask = 2147483647;
			files = (
			);
			runOnlyForDeploymentPostprocessing = 0;
		};
		01974BF42E60D60700779294 /* Resources */ = {
			isa = PBXResourcesBuildPhase;
			buildActionMask = 2147483647;
			files = (
			);
			runOnlyForDeploymentPostprocessing = 0;
		};
/* End PBXResourcesBuildPhase section */

/* Begin PBXSourcesBuildPhase section */
		01974BDB2E60D60400779294 /* Sources */ = {
			isa = PBXSourcesBuildPhase;
			buildActionMask = 2147483647;
			files = (
			);
			runOnlyForDeploymentPostprocessing = 0;
		};
		01974BE82E60D60700779294 /* Sources */ = {
			isa = PBXSourcesBuildPhase;
			buildActionMask = 2147483647;
			files = (
			);
			runOnlyForDeploymentPostprocessing = 0;
		};
		01974BF22E60D60700779294 /* Sources */ = {
			isa = PBXSourcesBuildPhase;
			buildActionMask = 2147483647;
			files = (
			);
			runOnlyForDeploymentPostprocessing = 0;
		};
/* End PBXSourcesBuildPhase section */

/* Begin PBXTargetDependency section */
		01974BEE2E60D60700779294 /* PBXTargetDependency */ = {
			isa = PBXTargetDependency;
			target = 01974BDE2E60D60400779294 /* ShopingMain */;
			targetProxy = 01974BED2E60D60700779294 /* PBXContainerItemProxy */;
		};
		01974BF82E60D60700779294 /* PBXTargetDependency */ = {
			isa = PBXTargetDependency;
			target = 01974BDE2E60D60400779294 /* ShopingMain */;
			targetProxy = 01974BF72E60D60700779294 /* PBXContainerItemProxy */;
		};
/* End PBXTargetDependency section */

/* Begin XCBuildConfiguration section */
		01974BFE2E60D60800779294 /* Debug */ = {
			isa = XCBuildConfiguration;
			buildSettings = {
				ALWAYS_SEARCH_USER_PATHS = NO;
				ASSETCATALOG_COMPILER_GENERATE_SWIFT_ASSET_SYMBOL_EXTENSIONS = YES;
				CLANG_ANALYZER_NONNULL = YES;
				CLANG_ANALYZER_NUMBER_OBJECT_CONVERSION = YES_AGGRESSIVE;
				CLANG_CXX_LANGUAGE_STANDARD = "gnu++20";
				CLANG_ENABLE_MODULES = YES;
				CLANG_ENABLE_OBJC_ARC = YES;
				CLANG_ENABLE_OBJC_WEAK = YES;
				CLANG_WARN_BLOCK_CAPTURE_AUTORELEASING = YES;
				CLANG_WARN_BOOL_CONVERSION = YES;
				CLANG_WARN_COMMA = YES;
				CLANG_WARN_CONSTANT_CONVERSION = YES;
				CLANG_WARN_DEPRECATED_OBJC_IMPLEMENTATIONS = YES;
				CLANG_WARN_DIRECT_OBJC_ISA_USAGE = YES_ERROR;
				CLANG_WARN_DOCUMENTATION_COMMENTS = YES;
				CLANG_WARN_EMPTY_BODY = YES;
				CLANG_WARN_ENUM_CONVERSION = YES;
				CLANG_WARN_INFINITE_RECURSION = YES;
				CLANG_WARN_INT_CONVERSION = YES;
				CLANG_WARN_NON_LITERAL_NULL_CONVERSION = YES;
				CLANG_WARN_OBJC_IMPLICIT_RETAIN_SELF = YES;
				CLANG_WARN_OBJC_LITERAL_CONVERSION = YES;
				CLANG_WARN_OBJC_ROOT_CLASS = YES_ERROR;
				CLANG_WARN_QUOTED_INCLUDE_IN_FRAMEWORK_HEADER = YES;
				CLANG_WARN_RANGE_LOOP_ANALYSIS = YES;
				CLANG_WARN_STRICT_PROTOTYPES = YES;
				CLANG_WARN_SUSPICIOUS_MOVE = YES;
				CLANG_WARN_UNGUARDED_AVAILABILITY = YES_AGGRESSIVE;
				CLANG_WARN_UNREACHABLE_CODE = YES;
				CLANG_WARN__DUPLICATE_METHOD_MATCH = YES;
				COPY_PHASE_STRIP = NO;
				DEBUG_INFORMATION_FORMAT = dwarf;
				ENABLE_STRICT_OBJC_MSGSEND = YES;
				ENABLE_TESTABILITY = YES;
				ENABLE_USER_SCRIPT_SANDBOXING = YES;
				GCC_C_LANGUAGE_STANDARD = gnu17;
				GCC_DYNAMIC_NO_PIC = NO;
				GCC_NO_COMMON_BLOCKS = YES;
				GCC_OPTIMIZATION_LEVEL = 0;
				GCC_PREPROCESSOR_DEFINITIONS = (
					"DEBUG=1",
					"$(inherited)",
				);
				GCC_WARN_64_TO_32_BIT_CONVERSION = YES;
				GCC_WARN_ABOUT_RETURN_TYPE = YES_ERROR;
				GCC_WARN_UNDECLARED_SELECTOR = YES;
				GCC_WARN_UNINITIALIZED_AUTOS = YES_AGGRESSIVE;
				GCC_WARN_UNUSED_FUNCTION = YES;
				GCC_WARN_UNUSED_VARIABLE = YES;
				IPHONEOS_DEPLOYMENT_TARGET = 18.5;
				LOCALIZATION_PREFERS_STRING_CATALOGS = YES;
				MTL_ENABLE_DEBUG_INFO = INCLUDE_SOURCE;
				MTL_FAST_MATH = YES;
				ONLY_ACTIVE_ARCH = YES;
				SDKROOT = iphoneos;
				SWIFT_ACTIVE_COMPILATION_CONDITIONS = "DEBUG $(inherited)";
				SWIFT_OPTIMIZATION_LEVEL = "-Onone";
			};
			name = Debug;
		};
		01974BFF2E60D60800779294 /* Release */ = {
			isa = XCBuildConfiguration;
			buildSettings = {
				ALWAYS_SEARCH_USER_PATHS = NO;
				ASSETCATALOG_COMPILER_GENERATE_SWIFT_ASSET_SYMBOL_EXTENSIONS = YES;
				CLANG_ANALYZER_NONNULL = YES;
				CLANG_ANALYZER_NUMBER_OBJECT_CONVERSION = YES_AGGRESSIVE;
				CLANG_CXX_LANGUAGE_STANDARD = "gnu++20";
				CLANG_ENABLE_MODULES = YES;
				CLANG_ENABLE_OBJC_ARC = YES;
				CLANG_ENABLE_OBJC_WEAK = YES;
				CLANG_WARN_BLOCK_CAPTURE_AUTORELEASING = YES;
				CLANG_WARN_BOOL_CONVERSION = YES;
				CLANG_WARN_COMMA = YES;
				CLANG_WARN_CONSTANT_CONVERSION = YES;
				CLANG_WARN_DEPRECATED_OBJC_IMPLEMENTATIONS = YES;
				CLANG_WARN_DIRECT_OBJC_ISA_USAGE = YES_ERROR;
				CLANG_WARN_DOCUMENTATION_COMMENTS = YES;
				CLANG_WARN_EMPTY_BODY = YES;
				CLANG_WARN_ENUM_CONVERSION = YES;
				CLANG_WARN_INFINITE_RECURSION = YES;
				CLANG_WARN_INT_CONVERSION = YES;
				CLANG_WARN_NON_LITERAL_NULL_CONVERSION = YES;
				CLANG_WARN_OBJC_IMPLICIT_RETAIN_SELF = YES;
				CLANG_WARN_OBJC_LITERAL_CONVERSION = YES;
				CLANG_WARN_OBJC_ROOT_CLASS = YES_ERROR;
				CLANG_WARN_QUOTED_INCLUDE_IN_FRAMEWORK_HEADER = YES;
				CLANG_WARN_RANGE_LOOP_ANALYSIS = YES;
				CLANG_WARN_STRICT_PROTOTYPES = YES;
				CLANG_WARN_SUSPICIOUS_MOVE = YES;
				CLANG_WARN_UNGUARDED_AVAILABILITY = YES_AGGRESSIVE;
				CLANG_WARN_UNREACHABLE_CODE = YES;
				CLANG_WARN__DUPLICATE_METHOD_MATCH = YES;
				COPY_PHASE_STRIP = NO;
				DEBUG_INFORMATION_FORMAT = "dwarf-with-dsym";
				ENABLE_NS_ASSERTIONS = NO;
				ENABLE_STRICT_OBJC_MSGSEND = YES;
				ENABLE_USER_SCRIPT_SANDBOXING = YES;
				GCC_C_LANGUAGE_STANDARD = gnu17;
				GCC_NO_COMMON_BLOCKS = YES;
				GCC_WARN_64_TO_32_BIT_CONVERSION = YES;
				GCC_WARN_ABOUT_RETURN_TYPE = YES_ERROR;
				GCC_WARN_UNDECLARED_SELECTOR = YES;
				GCC_WARN_UNINITIALIZED_AUTOS = YES_AGGRESSIVE;
				GCC_WARN_UNUSED_FUNCTION = YES;
				GCC_WARN_UNUSED_VARIABLE = YES;
				IPHONEOS_DEPLOYMENT_TARGET = 18.5;
				LOCALIZATION_PREFERS_STRING_CATALOGS = YES;
				MTL_ENABLE_DEBUG_INFO = NO;
				MTL_FAST_MATH = YES;
				SDKROOT = iphoneos;
				SWIFT_COMPILATION_MODE = wholemodule;
				VALIDATE_PRODUCT = YES;
			};
			name = Release;
		};
		01974C012E60D60800779294 /* Debug */ = {
			isa = XCBuildConfiguration;
			buildSettings = {
				ASSETCATALOG_COMPILER_APPICON_NAME = AppIcon;
				ASSETCATALOG_COMPILER_GLOBAL_ACCENT_COLOR_NAME = AccentColor;
				CODE_SIGN_STYLE = Automatic;
				CURRENT_PROJECT_VERSION = 1;
				ENABLE_PREVIEWS = YES;
				GENERATE_INFOPLIST_FILE = YES;
				INFOPLIST_KEY_UIApplicationSceneManifest_Generation = YES;
				INFOPLIST_KEY_UIApplicationSupportsIndirectInputEvents = YES;
				INFOPLIST_KEY_UILaunchScreen_Generation = YES;
				INFOPLIST_KEY_UISupportedInterfaceOrientations_iPad = "UIInterfaceOrientationPortrait UIInterfaceOrientationPortraitUpsideDown UIInterfaceOrientationLandscapeLeft UIInterfaceOrientationLandscapeRight";
				INFOPLIST_KEY_UISupportedInterfaceOrientations_iPhone = "UIInterfaceOrientationPortrait UIInterfaceOrientationLandscapeLeft UIInterfaceOrientationLandscapeRight";
				LD_RUNPATH_SEARCH_PATHS = (
					"$(inherited)",
					"@executable_path/Frameworks",
				);
				MARKETING_VERSION = 1.0;
				PRODUCT_BUNDLE_IDENTIFIER = com.aamir.ShopingMain;
				PRODUCT_NAME = "$(TARGET_NAME)";
				SWIFT_EMIT_LOC_STRINGS = YES;
				SWIFT_VERSION = 5.0;
				TARGETED_DEVICE_FAMILY = "1,2";
			};
			name = Debug;
		};
		01974C022E60D60800779294 /* Release */ = {
			isa = XCBuildConfiguration;
			buildSettings = {
				ASSETCATALOG_COMPILER_APPICON_NAME = AppIcon;
				ASSETCATALOG_COMPILER_GLOBAL_ACCENT_COLOR_NAME = AccentColor;
				CODE_SIGN_STYLE = Automatic;
				CURRENT_PROJECT_VERSION = 1;
				ENABLE_PREVIEWS = YES;
				GENERATE_INFOPLIST_FILE = YES;
				INFOPLIST_KEY_UIApplicationSceneManifest_Generation = YES;
				INFOPLIST_KEY_UIApplicationSupportsIndirectInputEvents = YES;
				INFOPLIST_KEY_UILaunchScreen_Generation = YES;
				INFOPLIST_KEY_UISupportedInterfaceOrientations_iPad = "UIInterfaceOrientationPortrait UIInterfaceOrientationPortraitUpsideDown UIInterfaceOrientationLandscapeLeft UIInterfaceOrientationLandscapeRight";
				INFOPLIST_KEY_UISupportedInterfaceOrientations_iPhone = "UIInterfaceOrientationPortrait UIInterfaceOrientationLandscapeLeft UIInterfaceOrientationLandscapeRight";
				LD_RUNPATH_SEARCH_PATHS = (
					"$(inherited)",
					"@executable_path/Frameworks",
				);
				MARKETING_VERSION = 1.0;
				PRODUCT_BUNDLE_IDENTIFIER = com.aamir.ShopingMain;
				PRODUCT_NAME = "$(TARGET_NAME)";
				SWIFT_EMIT_LOC_STRINGS = YES;
				SWIFT_VERSION = 5.0;
				TARGETED_DEVICE_FAMILY = "1,2";
			};
			name = Release;
		};
		01974C042E60D60800779294 /* Debug */ = {
			isa = XCBuildConfiguration;
			buildSettings = {
				BUNDLE_LOADER = "$(TEST_HOST)";
				CODE_SIGN_STYLE = Automatic;
				CURRENT_PROJECT_VERSION = 1;
				GENERATE_INFOPLIST_FILE = YES;
				IPHONEOS_DEPLOYMENT_TARGET = 18.5;
				MARKETING_VERSION = 1.0;
				PRODUCT_BUNDLE_IDENTIFIER = com.aamir.ShopingMainTests;
				PRODUCT_NAME = "$(TARGET_NAME)";
				SWIFT_EMIT_LOC_STRINGS = NO;
				SWIFT_VERSION = 5.0;
				TARGETED_DEVICE_FAMILY = "1,2";
				TEST_HOST = "$(BUILT_PRODUCTS_DIR)/ShopingMain.app/$(BUNDLE_EXECUTABLE_FOLDER_PATH)/ShopingMain";
			};
			name = Debug;
		};
		01974C052E60D60800779294 /* Release */ = {
			isa = XCBuildConfiguration;
			buildSettings = {
				BUNDLE_LOADER = "$(TEST_HOST)";
				CODE_SIGN_STYLE = Automatic;
				CURRENT_PROJECT_VERSION = 1;
				GENERATE_INFOPLIST_FILE = YES;
				IPHONEOS_DEPLOYMENT_TARGET = 18.5;
				MARKETING_VERSION = 1.0;
				PRODUCT_BUNDLE_IDENTIFIER = com.aamir.ShopingMainTests;
				PRODUCT_NAME = "$(TARGET_NAME)";
				SWIFT_EMIT_LOC_STRINGS = NO;
				SWIFT_VERSION = 5.0;
				TARGETED_DEVICE_FAMILY = "1,2";
				TEST_HOST = "$(BUILT_PRODUCTS_DIR)/ShopingMain.app/$(BUNDLE_EXECUTABLE_FOLDER_PATH)/ShopingMain";
			};
			name = Release;
		};
		01974C072E60D60800779294 /* Debug */ = {
			isa = XCBuildConfiguration;
			buildSettings = {
				CODE_SIGN_STYLE = Automatic;
				CURRENT_PROJECT_VERSION = 1;
				GENERATE_INFOPLIST_FILE = YES;
				MARKETING_VERSION = 1.0;
				PRODUCT_BUNDLE_IDENTIFIER = com.aamir.ShopingMainUITests;
				PRODUCT_NAME = "$(TARGET_NAME)";
				SWIFT_EMIT_LOC_STRINGS = NO;
				SWIFT_VERSION = 5.0;
				TARGETED_DEVICE_FAMILY = "1,2";
				TEST_TARGET_NAME = ShopingMain;
			};
			name = Debug;
		};
		01974C082E60D60800779294 /* Release */ = {
			isa = XCBuildConfiguration;
			buildSettings = {
				CODE_SIGN_STYLE = Automatic;
				CURRENT_PROJECT_VERSION = 1;
				GENERATE_INFOPLIST_FILE = YES;
				MARKETING_VERSION = 1.0;
				PRODUCT_BUNDLE_IDENTIFIER = com.aamir.ShopingMainUITests;
				PRODUCT_NAME = "$(TARGET_NAME)";
				SWIFT_EMIT_LOC_STRINGS = NO;
				SWIFT_VERSION = 5.0;
				TARGETED_DEVICE_FAMILY = "1,2";
				TEST_TARGET_NAME = ShopingMain;
			};
			name = Release;
		};
/* End XCBuildConfiguration section */

/* Begin XCConfigurationList section */
		01974BDA2E60D60400779294 /* Build configuration list for PBXProject "ShopingMain" */ = {
			isa = XCConfigurationList;
			buildConfigurations = (
				01974BFE2E60D60800779294 /* Debug */,
				01974BFF2E60D60800779294 /* Release */,
			);
			defaultConfigurationIsVisible = 0;
			defaultConfigurationName = Release;
		};
		01974C002E60D60800779294 /* Build configuration list for PBXNativeTarget "ShopingMain" */ = {
			isa = XCConfigurationList;
			buildConfigurations = (
				01974C012E60D60800779294 /* Debug */,
				01974C022E60D60800779294 /* Release */,
			);
			defaultConfigurationIsVisible = 0;
			defaultConfigurationName = Release;
		};
		01974C032E60D60800779294 /* Build configuration list for PBXNativeTarget "ShopingMainTests" */ = {
			isa = XCConfigurationList;
			buildConfigurations = (
				01974C042E60D60800779294 /* Debug */,
				01974C052E60D60800779294 /* Release */,
			);
			defaultConfigurationIsVisible = 0;
			defaultConfigurationName = Release;
		};
		01974C062E60D60800779294 /* Build configuration list for PBXNativeTarget "ShopingMainUITests" */ = {
			isa = XCConfigurationList;
			buildConfigurations = (
				01974C072E60D60800779294 /* Debug */,
				01974C082E60D60800779294 /* Release */,
			);
			defaultConfigurationIsVisible = 0;
			defaultConfigurationName = Release;
		};
/* End XCConfigurationList section */

/* Begin XCLocalSwiftPackageReference section */
		01974C092E60D66D00779294 /* XCLocalSwiftPackageReference "ShoppingListModule" */ = {
			isa = XCLocalSwiftPackageReference;
			relativePath = ShoppingListModule;
		};
/* End XCLocalSwiftPackageReference section */

/* Begin XCSwiftPackageProductDependency section */
		01974C0B2E60D67600779294 /* ShoppingListModule */ = {
			isa = XCSwiftPackageProductDependency;
			package = 01974C092E60D66D00779294 /* XCLocalSwiftPackageReference "ShoppingListModule" */;
			productName = ShoppingListModule;
		};
/* End XCSwiftPackageProductDependency section */
	};
	rootObject = 01974BD72E60D60400779294 /* Project object */;
}
